// !$*UTF8*$!
{
	archiveVersion = 1;
	classes = {
	};
	objectVersion = 48;
	objects = {

/* Begin PBXBuildFile section */
		FE3E376D1FC586430014256A /* AppDelegate.swift in Sources */ = {isa = PBXBuildFile; fileRef = FE3E376C1FC586430014256A /* AppDelegate.swift */; };
		FE3E376F1FC586430014256A /* ViewController.swift in Sources */ = {isa = PBXBuildFile; fileRef = FE3E376E1FC586430014256A /* ViewController.swift */; };
		FE3E37721FC586430014256A /* Main.storyboard in Resources */ = {isa = PBXBuildFile; fileRef = FE3E37701FC586430014256A /* Main.storyboard */; };
		FE3E37751FC586430014256A /* CoreDataTest.xcdatamodeld in Sources */ = {isa = PBXBuildFile; fileRef = FE3E37731FC586430014256A /* CoreDataTest.xcdatamodeld */; };
		FE3E37771FC586430014256A /* Assets.xcassets in Resources */ = {isa = PBXBuildFile; fileRef = FE3E37761FC586430014256A /* Assets.xcassets */; };
		FE3E377A1FC586430014256A /* LaunchScreen.storyboard in Resources */ = {isa = PBXBuildFile; fileRef = FE3E37781FC586430014256A /* LaunchScreen.storyboard */; };
		FEECEA1920862C7A0032AFD1 /* User+CoreDataClass.swift in Sources */ = {isa = PBXBuildFile; fileRef = FEECEA1520862C7A0032AFD1 /* User+CoreDataClass.swift */; };
		FEECEA1A20862C7A0032AFD1 /* User+CoreDataProperties.swift in Sources */ = {isa = PBXBuildFile; fileRef = FEECEA1620862C7A0032AFD1 /* User+CoreDataProperties.swift */; };
		FEECEA1B20862C7A0032AFD1 /* Car+CoreDataClass.swift in Sources */ = {isa = PBXBuildFile; fileRef = FEECEA1720862C7A0032AFD1 /* Car+CoreDataClass.swift */; };
		FEECEA1C20862C7A0032AFD1 /* Car+CoreDataProperties.swift in Sources */ = {isa = PBXBuildFile; fileRef = FEECEA1820862C7A0032AFD1 /* Car+CoreDataProperties.swift */; };
/* End PBXBuildFile section */

/* Begin PBXFileReference section */
		FE3E37691FC586430014256A /* CoreDataTest.app */ = {isa = PBXFileReference; explicitFileType = wrapper.application; includeInIndex = 0; path = CoreDataTest.app; sourceTree = BUILT_PRODUCTS_DIR; };
		FE3E376C1FC586430014256A /* AppDelegate.swift */ = {isa = PBXFileReference; lastKnownFileType = sourcecode.swift; path = AppDelegate.swift; sourceTree = "<group>"; };
		FE3E376E1FC586430014256A /* ViewController.swift */ = {isa = PBXFileReference; lastKnownFileType = sourcecode.swift; path = ViewController.swift; sourceTree = "<group>"; };
		FE3E37711FC586430014256A /* Base */ = {isa = PBXFileReference; lastKnownFileType = file.storyboard; name = Base; path = Base.lproj/Main.storyboard; sourceTree = "<group>"; };
		FE3E37741FC586430014256A /* CoreDataTest.xcdatamodel */ = {isa = PBXFileReference; lastKnownFileType = wrapper.xcdatamodel; path = CoreDataTest.xcdatamodel; sourceTree = "<group>"; };
		FE3E37761FC586430014256A /* Assets.xcassets */ = {isa = PBXFileReference; lastKnownFileType = folder.assetcatalog; path = Assets.xcassets; sourceTree = "<group>"; };
		FE3E37791FC586430014256A /* Base */ = {isa = PBXFileReference; lastKnownFileType = file.storyboard; name = Base; path = Base.lproj/LaunchScreen.storyboard; sourceTree = "<group>"; };
		FE3E377B1FC586430014256A /* Info.plist */ = {isa = PBXFileReference; lastKnownFileType = text.plist.xml; path = Info.plist; sourceTree = "<group>"; };
		FEECEA1520862C7A0032AFD1 /* User+CoreDataClass.swift */ = {isa = PBXFileReference; lastKnownFileType = sourcecode.swift; path = "User+CoreDataClass.swift"; sourceTree = "<group>"; };
		FEECEA1620862C7A0032AFD1 /* User+CoreDataProperties.swift */ = {isa = PBXFileReference; lastKnownFileType = sourcecode.swift; path = "User+CoreDataProperties.swift"; sourceTree = "<group>"; };
		FEECEA1720862C7A0032AFD1 /* Car+CoreDataClass.swift */ = {isa = PBXFileReference; lastKnownFileType = sourcecode.swift; path = "Car+CoreDataClass.swift"; sourceTree = "<group>"; };
		FEECEA1820862C7A0032AFD1 /* Car+CoreDataProperties.swift */ = {isa = PBXFileReference; lastKnownFileType = sourcecode.swift; path = "Car+CoreDataProperties.swift"; sourceTree = "<group>"; };
/* End PBXFileReference section */

/* Begin PBXFrameworksBuildPhase section */
		FE3E37661FC586430014256A /* Frameworks */ = {
			isa = PBXFrameworksBuildPhase;
			buildActionMask = 2147483647;
			files = (
			);
			runOnlyForDeploymentPostprocessing = 0;
		};
/* End PBXFrameworksBuildPhase section */

/* Begin PBXGroup section */
		FE3E37601FC586430014256A = {
			isa = PBXGroup;
			children = (
				FE3E376B1FC586430014256A /* CoreDataTest */,
				FE3E376A1FC586430014256A /* Products */,
			);
			sourceTree = "<group>";
		};
		FE3E376A1FC586430014256A /* Products */ = {
			isa = PBXGroup;
			children = (
				FE3E37691FC586430014256A /* CoreDataTest.app */,
			);
			name = Products;
			sourceTree = "<group>";
		};
		FE3E376B1FC586430014256A /* CoreDataTest */ = {
			isa = PBXGroup;
			children = (
				FEECEA1520862C7A0032AFD1 /* User+CoreDataClass.swift */,
				FEECEA1620862C7A0032AFD1 /* User+CoreDataProperties.swift */,
				FEECEA1720862C7A0032AFD1 /* Car+CoreDataClass.swift */,
				FEECEA1820862C7A0032AFD1 /* Car+CoreDataProperties.swift */,
				FE3E376C1FC586430014256A /* AppDelegate.swift */,
				FE3E376E1FC586430014256A /* ViewController.swift */,
				FE3E37701FC586430014256A /* Main.storyboard */,
				FE3E37761FC586430014256A /* Assets.xcassets */,
				FE3E37781FC586430014256A /* LaunchScreen.storyboard */,
				FE3E377B1FC586430014256A /* Info.plist */,
				FE3E37731FC586430014256A /* CoreDataTest.xcdatamodeld */,
			);
			path = CoreDataTest;
			sourceTree = "<group>";
		};
/* End PBXGroup section */

/* Begin PBXNativeTarget section */
		FE3E37681FC586430014256A /* CoreDataTest */ = {
			isa = PBXNativeTarget;
			buildConfigurationList = FE3E377E1FC586430014256A /* Build configuration list for PBXNativeTarget "CoreDataTest" */;
			buildPhases = (
				FE3E37651FC586430014256A /* Sources */,
				FE3E37661FC586430014256A /* Frameworks */,
				FE3E37671FC586430014256A /* Resources */,
			);
			buildRules = (
			);
			dependencies = (
			);
			name = CoreDataTest;
			productName = CoreDataTest;
			productReference = FE3E37691FC586430014256A /* CoreDataTest.app */;
			productType = "com.apple.product-type.application";
		};
/* End PBXNativeTarget section */

/* Begin PBXProject section */
		FE3E37611FC586430014256A /* Project object */ = {
			isa = PBXProject;
			attributes = {
				LastSwiftUpdateCheck = 0910;
				LastUpgradeCheck = 0910;
				ORGANIZATIONNAME = test;
				TargetAttributes = {
					FE3E37681FC586430014256A = {
						CreatedOnToolsVersion = 9.1;
						ProvisioningStyle = Automatic;
					};
				};
			};
			buildConfigurationList = FE3E37641FC586430014256A /* Build configuration list for PBXProject "CoreDataTest" */;
			compatibilityVersion = "Xcode 8.0";
			developmentRegion = en;
			hasScannedForEncodings = 0;
			knownRegions = (
				en,
				Base,
			);
			mainGroup = FE3E37601FC586430014256A;
			productRefGroup = FE3E376A1FC586430014256A /* Products */;
			projectDirPath = "";
			projectRoot = "";
			targets = (
				FE3E37681FC586430014256A /* CoreDataTest */,
			);
		};
/* End PBXProject section */

/* Begin PBXResourcesBuildPhase section */
		FE3E37671FC586430014256A /* Resources */ = {
			isa = PBXResourcesBuildPhase;
			buildActionMask = 2147483647;
			files = (
				FE3E377A1FC586430014256A /* LaunchScreen.storyboard in Resources */,
				FE3E37771FC586430014256A /* Assets.xcassets in Resources */,
				FE3E37721FC586430014256A /* Main.storyboard in Resources */,
			);
			runOnlyForDeploymentPostprocessing = 0;
		};
/* End PBXResourcesBuildPhase section */

/* Begin PBXSourcesBuildPhase section */
		FE3E37651FC586430014256A /* Sources */ = {
			isa = PBXSourcesBuildPhase;
			buildActionMask = 2147483647;
			files = (
				FE3E376F1FC586430014256A /* ViewController.swift in Sources */,
				FE3E37751FC586430014256A /* CoreDataTest.xcdatamodeld in Sources */,
				FEECEA1C20862C7A0032AFD1 /* Car+CoreDataProperties.swift in Sources */,
				FEECEA1B20862C7A0032AFD1 /* Car+CoreDataClass.swift in Sources */,
				FEECEA1920862C7A0032AFD1 /* User+CoreDataClass.swift in Sources */,
				FEECEA1A20862C7A0032AFD1 /* User+CoreDataProperties.swift in Sources */,
				FE3E376D1FC586430014256A /* AppDelegate.swift in Sources */,
			);
			runOnlyForDeploymentPostprocessing = 0;
		};
/* End PBXSourcesBuildPhase section */

/* Begin PBXVariantGroup section */
		FE3E37701FC586430014256A /* Main.storyboard */ = {
			isa = PBXVariantGroup;
			children = (
				FE3E37711FC586430014256A /* Base */,
			);
			name = Main.storyboard;
			sourceTree = "<group>";
		};
		FE3E37781FC586430014256A /* LaunchScreen.storyboard */ = {
			isa = PBXVariantGroup;
			children = (
				FE3E37791FC586430014256A /* Base */,
			);
			name = LaunchScreen.storyboard;
			sourceTree = "<group>";
		};
/* End PBXVariantGroup section */

/* Begin XCBuildConfiguration section */
		FE3E377C1FC586430014256A /* Debug */ = {
			isa = XCBuildConfiguration;
			buildSettings = {
				ALWAYS_SEARCH_USER_PATHS = NO;
				CLANG_ANALYZER_NONNULL = YES;
				CLANG_ANALYZER_NUMBER_OBJECT_CONVERSION = YES_AGGRESSIVE;
				CLANG_CXX_LANGUAGE_STANDARD = "gnu++14";
				CLANG_CXX_LIBRARY = "libc++";
				CLANG_ENABLE_MODULES = YES;
				CLANG_ENABLE_OBJC_ARC = YES;
				CLANG_WARN_BLOCK_CAPTURE_AUTORELEASING = YES;
				CLANG_WARN_BOOL_CONVERSION = YES;
				CLANG_WARN_COMMA = YES;
				CLANG_WARN_CONSTANT_CONVERSION = YES;
				CLANG_WARN_DIRECT_OBJC_ISA_USAGE = YES_ERROR;
				CLANG_WARN_DOCUMENTATION_COMMENTS = YES;
				CLANG_WARN_EMPTY_BODY = YES;
				CLANG_WARN_ENUM_CONVERSION = YES;
				CLANG_WARN_INFINITE_RECURSION = YES;
				CLANG_WARN_INT_CONVERSION = YES;
				CLANG_WARN_NON_LITERAL_NULL_CONVERSION = YES;
				CLANG_WARN_OBJC_LITERAL_CONVERSION = YES;
				CLANG_WARN_OBJC_ROOT_CLASS = YES_ERROR;
				CLANG_WARN_RANGE_LOOP_ANALYSIS = YES;
				CLANG_WARN_STRICT_PROTOTYPES = YES;
				CLANG_WARN_SUSPICIOUS_MOVE = YES;
				CLANG_WARN_UNGUARDED_AVAILABILITY = YES_AGGRESSIVE;
				CLANG_WARN_UNREACHABLE_CODE = YES;
				CLANG_WARN__DUPLICATE_METHOD_MATCH = YES;
				CODE_SIGN_IDENTITY = "iPhone Developer";
				COPY_PHASE_STRIP = NO;
				DEBUG_INFORMATION_FORMAT = dwarf;
				ENABLE_STRICT_OBJC_MSGSEND = YES;
				ENABLE_TESTABILITY = YES;
				GCC_C_LANGUAGE_STANDARD = gnu11;
				GCC_DYNAMIC_NO_PIC = NO;
				GCC_NO_COMMON_BLOCKS = YES;
				GCC_OPTIMIZATION_LEVEL = 0;
				GCC_PREPROCESSOR_DEFINITIONS = (
					"DEBUG=1",
					"$(inherited)",
				);
				GCC_WARN_64_TO_32_BIT_CONVERSION = YES;
				GCC_WARN_ABOUT_RETURN_TYPE = YES_ERROR;
				GCC_WARN_UNDECLARED_SELECTOR = YES;
				GCC_WARN_UNINITIALIZED_AUTOS = YES_AGGRESSIVE;
				GCC_WARN_UNUSED_FUNCTION = YES;
				GCC_WARN_UNUSED_VARIABLE = YES;
				IPHONEOS_DEPLOYMENT_TARGET = 11.1;
				MTL_ENABLE_DEBUG_INFO = YES;
				ONLY_ACTIVE_ARCH = YES;
				SDKROOT = iphoneos;
				SWIFT_ACTIVE_COMPILATION_CONDITIONS = DEBUG;
				SWIFT_OPTIMIZATION_LEVEL = "-Onone";
			};
			name = Debug;
		};
		FE3E377D1FC586430014256A /* Release */ = {
			isa = XCBuildConfiguration;
			buildSettings = {
				ALWAYS_SEARCH_USER_PATHS = NO;
				CLANG_ANALYZER_NONNULL = YES;
				CLANG_ANALYZER_NUMBER_OBJECT_CONVERSION = YES_AGGRESSIVE;
				CLANG_CXX_LANGUAGE_STANDARD = "gnu++14";
				CLANG_CXX_LIBRARY = "libc++";
				CLANG_ENABLE_MODULES = YES;
				CLANG_ENABLE_OBJC_ARC = YES;
				CLANG_WARN_BLOCK_CAPTURE_AUTORELEASING = YES;
				CLANG_WARN_BOOL_CONVERSION = YES;
				CLANG_WARN_COMMA = YES;
				CLANG_WARN_CONSTANT_CONVERSION = YES;
				CLANG_WARN_DIRECT_OBJC_ISA_USAGE = YES_ERROR;
				CLANG_WARN_DOCUMENTATION_COMMENTS = YES;
				CLANG_WARN_EMPTY_BODY = YES;
				CLANG_WARN_ENUM_CONVERSION = YES;
				CLANG_WARN_INFINITE_RECURSION = YES;
				CLANG_WARN_INT_CONVERSION = YES;
				CLANG_WARN_NON_LITERAL_NULL_CONVERSION = YES;
				CLANG_WARN_OBJC_LITERAL_CONVERSION = YES;
				CLANG_WARN_OBJC_ROOT_CLASS = YES_ERROR;
				CLANG_WARN_RANGE_LOOP_ANALYSIS = YES;
				CLANG_WARN_STRICT_PROTOTYPES = YES;
				CLANG_WARN_SUSPICIOUS_MOVE = YES;
				CLANG_WARN_UNGUARDED_AVAILABILITY = YES_AGGRESSIVE;
				CLANG_WARN_UNREACHABLE_CODE = YES;
				CLANG_WARN__DUPLICATE_METHOD_MATCH = YES;
				CODE_SIGN_IDENTITY = "iPhone Developer";
				COPY_PHASE_STRIP = NO;
				DEBUG_INFORMATION_FORMAT = "dwarf-with-dsym";
				ENABLE_NS_ASSERTIONS = NO;
				ENABLE_STRICT_OBJC_MSGSEND = YES;
				GCC_C_LANGUAGE_STANDARD = gnu11;
				GCC_NO_COMMON_BLOCKS = YES;
				GCC_WARN_64_TO_32_BIT_CONVERSION = YES;
				GCC_WARN_ABOUT_RETURN_TYPE = YES_ERROR;
				GCC_WARN_UNDECLARED_SELECTOR = YES;
				GCC_WARN_UNINITIALIZED_AUTOS = YES_AGGRESSIVE;
				GCC_WARN_UNUSED_FUNCTION = YES;
				GCC_WARN_UNUSED_VARIABLE = YES;
				IPHONEOS_DEPLOYMENT_TARGET = 11.1;
				MTL_ENABLE_DEBUG_INFO = NO;
				SDKROOT = iphoneos;
				SWIFT_OPTIMIZATION_LEVEL = "-Owholemodule";
				VALIDATE_PRODUCT = YES;
			};
			name = Release;
		};
		FE3E377F1FC586430014256A /* Debug */ = {
			isa = XCBuildConfiguration;
			buildSettings = {
				ASSETCATALOG_COMPILER_APPICON_NAME = AppIcon;
				CODE_SIGN_STYLE = Automatic;
				INFOPLIST_FILE = CoreDataTest/Info.plist;
				LD_RUNPATH_SEARCH_PATHS = "$(inherited) @executable_path/Frameworks";
				PRODUCT_BUNDLE_IDENTIFIER = com.test.CoreDataTest;
				PRODUCT_NAME = "$(TARGET_NAME)";
				SWIFT_VERSION = 4.0;
				TARGETED_DEVICE_FAMILY = "1,2";
			};
			name = Debug;
		};
		FE3E37801FC586430014256A /* Release */ = {
			isa = XCBuildConfiguration;
			buildSettings = {
				ASSETCATALOG_COMPILER_APPICON_NAME = AppIcon;
				CODE_SIGN_STYLE = Automatic;
				INFOPLIST_FILE = CoreDataTest/Info.plist;
				LD_RUNPATH_SEARCH_PATHS = "$(inherited) @executable_path/Frameworks";
				PRODUCT_BUNDLE_IDENTIFIER = com.test.CoreDataTest;
				PRODUCT_NAME = "$(TARGET_NAME)";
				SWIFT_VERSION = 4.0;
				TARGETED_DEVICE_FAMILY = "1,2";
			};
			name = Release;
		};
/* End XCBuildConfiguration section */

/* Begin XCConfigurationList section */
		FE3E37641FC586430014256A /* Build configuration list for PBXProject "CoreDataTest" */ = {
			isa = XCConfigurationList;
			buildConfigurations = (
				FE3E377C1FC586430014256A /* Debug */,
				FE3E377D1FC586430014256A /* Release */,
			);
			defaultConfigurationIsVisible = 0;
			defaultConfigurationName = Release;
		};
		FE3E377E1FC586430014256A /* Build configuration list for PBXNativeTarget "CoreDataTest" */ = {
			isa = XCConfigurationList;
			buildConfigurations = (
				FE3E377F1FC586430014256A /* Debug */,
				FE3E37801FC586430014256A /* Release */,
			);
			defaultConfigurationIsVisible = 0;
			defaultConfigurationName = Release;
		};
/* End XCConfigurationList section */

/* Begin XCVersionGroup section */
		FE3E37731FC586430014256A /* CoreDataTest.xcdatamodeld */ = {
			isa = XCVersionGroup;
			children = (
				FE3E37741FC586430014256A /* CoreDataTest.xcdatamodel */,
			);
			currentVersion = FE3E37741FC586430014256A /* CoreDataTest.xcdatamodel */;
			path = CoreDataTest.xcdatamodeld;
			sourceTree = "<group>";
			versionGroupType = wrapper.xcdatamodel;
		};
/* End XCVersionGroup section */
	};
	rootObject = FE3E37611FC586430014256A /* Project object */;
}
